// !$*UTF8*$!
{
	archiveVersion = 1;
	classes = {
	};
	objectVersion = 50;
	objects = {

/* Begin PBXBuildFile section */
		6D73EF042568BC1200346B54 /* RGBViewController.swift in Sources */ = {isa = PBXBuildFile; fileRef = 6D73EF032568BC1200346B54 /* RGBViewController.swift */; };
		6D73EF0925697FE900346B54 /* StopWatchViewController.swift in Sources */ = {isa = PBXBuildFile; fileRef = 6D73EF0825697FE900346B54 /* StopWatchViewController.swift */; };
		6D73EF0E2569A89F00346B54 /* AboutViewController.swift in Sources */ = {isa = PBXBuildFile; fileRef = 6D73EF0D2569A89F00346B54 /* AboutViewController.swift */; };
		6D73EF132569B98400346B54 /* ColorPickerViewController.swift in Sources */ = {isa = PBXBuildFile; fileRef = 6D73EF122569B98400346B54 /* ColorPickerViewController.swift */; };
		6DA4F2542568A50E00827EFE /* AppDelegate.swift in Sources */ = {isa = PBXBuildFile; fileRef = 6DA4F2532568A50E00827EFE /* AppDelegate.swift */; };
		6DA4F2562568A50E00827EFE /* SceneDelegate.swift in Sources */ = {isa = PBXBuildFile; fileRef = 6DA4F2552568A50E00827EFE /* SceneDelegate.swift */; };
		6DA4F2582568A50E00827EFE /* ViewController.swift in Sources */ = {isa = PBXBuildFile; fileRef = 6DA4F2572568A50E00827EFE /* ViewController.swift */; };
		6DA4F25B2568A50E00827EFE /* Main.storyboard in Resources */ = {isa = PBXBuildFile; fileRef = 6DA4F2592568A50E00827EFE /* Main.storyboard */; };
		6DA4F25D2568A51100827EFE /* Assets.xcassets in Resources */ = {isa = PBXBuildFile; fileRef = 6DA4F25C2568A51100827EFE /* Assets.xcassets */; };
		6DA4F2602568A51100827EFE /* LaunchScreen.storyboard in Resources */ = {isa = PBXBuildFile; fileRef = 6DA4F25E2568A51100827EFE /* LaunchScreen.storyboard */; };
		6DA4F26B2568A51200827EFE /* Random_ColorTests.swift in Sources */ = {isa = PBXBuildFile; fileRef = 6DA4F26A2568A51200827EFE /* Random_ColorTests.swift */; };
		6DA4F2762568A51200827EFE /* Random_ColorUITests.swift in Sources */ = {isa = PBXBuildFile; fileRef = 6DA4F2752568A51200827EFE /* Random_ColorUITests.swift */; };
/* End PBXBuildFile section */

/* Begin PBXContainerItemProxy section */
		6DA4F2672568A51200827EFE /* PBXContainerItemProxy */ = {
			isa = PBXContainerItemProxy;
			containerPortal = 6DA4F2482568A50E00827EFE /* Project object */;
			proxyType = 1;
			remoteGlobalIDString = 6DA4F24F2568A50E00827EFE;
			remoteInfo = "Random Color";
		};
		6DA4F2722568A51200827EFE /* PBXContainerItemProxy */ = {
			isa = PBXContainerItemProxy;
			containerPortal = 6DA4F2482568A50E00827EFE /* Project object */;
			proxyType = 1;
			remoteGlobalIDString = 6DA4F24F2568A50E00827EFE;
			remoteInfo = "Random Color";
		};
/* End PBXContainerItemProxy section */

/* Begin PBXFileReference section */
		6D08C3B22569DB8500B02F10 /* Simplities.app */ = {isa = PBXFileReference; explicitFileType = wrapper.application; includeInIndex = 0; path = Simplities.app; sourceTree = BUILT_PRODUCTS_DIR; };
		6D08C3B32569DB8500B02F10 /* SimplitiesTests.xctest */ = {isa = PBXFileReference; explicitFileType = wrapper.cfbundle; includeInIndex = 0; path = SimplitiesTests.xctest; sourceTree = BUILT_PRODUCTS_DIR; };
		6D08C3B42569DB8500B02F10 /* SimplitiesUITests.xctest */ = {isa = PBXFileReference; explicitFileType = wrapper.cfbundle; includeInIndex = 0; path = SimplitiesUITests.xctest; sourceTree = BUILT_PRODUCTS_DIR; };
		6D73EF032568BC1200346B54 /* RGBViewController.swift */ = {isa = PBXFileReference; lastKnownFileType = sourcecode.swift; path = RGBViewController.swift; sourceTree = "<group>"; };
		6D73EF0825697FE900346B54 /* StopWatchViewController.swift */ = {isa = PBXFileReference; lastKnownFileType = sourcecode.swift; path = StopWatchViewController.swift; sourceTree = "<group>"; };
		6D73EF0D2569A89F00346B54 /* AboutViewController.swift */ = {isa = PBXFileReference; lastKnownFileType = sourcecode.swift; path = AboutViewController.swift; sourceTree = "<group>"; };
		6D73EF122569B98400346B54 /* ColorPickerViewController.swift */ = {isa = PBXFileReference; lastKnownFileType = sourcecode.swift; path = ColorPickerViewController.swift; sourceTree = "<group>"; };
		6DA4F2532568A50E00827EFE /* AppDelegate.swift */ = {isa = PBXFileReference; lastKnownFileType = sourcecode.swift; path = AppDelegate.swift; sourceTree = "<group>"; };
		6DA4F2552568A50E00827EFE /* SceneDelegate.swift */ = {isa = PBXFileReference; lastKnownFileType = sourcecode.swift; path = SceneDelegate.swift; sourceTree = "<group>"; };
		6DA4F2572568A50E00827EFE /* ViewController.swift */ = {isa = PBXFileReference; lastKnownFileType = sourcecode.swift; path = ViewController.swift; sourceTree = "<group>"; };
		6DA4F25A2568A50E00827EFE /* Base */ = {isa = PBXFileReference; lastKnownFileType = file.storyboard; name = Base; path = Base.lproj/Main.storyboard; sourceTree = "<group>"; };
		6DA4F25C2568A51100827EFE /* Assets.xcassets */ = {isa = PBXFileReference; lastKnownFileType = folder.assetcatalog; path = Assets.xcassets; sourceTree = "<group>"; };
		6DA4F25F2568A51100827EFE /* Base */ = {isa = PBXFileReference; lastKnownFileType = file.storyboard; name = Base; path = Base.lproj/LaunchScreen.storyboard; sourceTree = "<group>"; };
		6DA4F2612568A51100827EFE /* Info.plist */ = {isa = PBXFileReference; lastKnownFileType = text.plist.xml; path = Info.plist; sourceTree = "<group>"; };
		6DA4F26A2568A51200827EFE /* Random_ColorTests.swift */ = {isa = PBXFileReference; lastKnownFileType = sourcecode.swift; path = Random_ColorTests.swift; sourceTree = "<group>"; };
		6DA4F26C2568A51200827EFE /* Info.plist */ = {isa = PBXFileReference; lastKnownFileType = text.plist.xml; path = Info.plist; sourceTree = "<group>"; };
		6DA4F2752568A51200827EFE /* Random_ColorUITests.swift */ = {isa = PBXFileReference; lastKnownFileType = sourcecode.swift; path = Random_ColorUITests.swift; sourceTree = "<group>"; };
		6DA4F2772568A51200827EFE /* Info.plist */ = {isa = PBXFileReference; lastKnownFileType = text.plist.xml; path = Info.plist; sourceTree = "<group>"; };
/* End PBXFileReference section */

/* Begin PBXFrameworksBuildPhase section */
		6DA4F24D2568A50E00827EFE /* Frameworks */ = {
			isa = PBXFrameworksBuildPhase;
			buildActionMask = 2147483647;
			files = (
			);
			runOnlyForDeploymentPostprocessing = 0;
		};
		6DA4F2632568A51200827EFE /* Frameworks */ = {
			isa = PBXFrameworksBuildPhase;
			buildActionMask = 2147483647;
			files = (
			);
			runOnlyForDeploymentPostprocessing = 0;
		};
		6DA4F26E2568A51200827EFE /* Frameworks */ = {
			isa = PBXFrameworksBuildPhase;
			buildActionMask = 2147483647;
			files = (
			);
			runOnlyForDeploymentPostprocessing = 0;
		};
/* End PBXFrameworksBuildPhase section */

/* Begin PBXGroup section */
		6DA4F2472568A50E00827EFE = {
			isa = PBXGroup;
			children = (
				6DA4F2522568A50E00827EFE /* Simplities */,
				6DA4F2692568A51200827EFE /* SimplitiesTests */,
				6DA4F2742568A51200827EFE /* SimplitiesUITests */,
				6D08C3B22569DB8500B02F10 /* Simplities.app */,
				6D08C3B32569DB8500B02F10 /* SimplitiesTests.xctest */,
				6D08C3B42569DB8500B02F10 /* SimplitiesUITests.xctest */,
			);
			sourceTree = "<group>";
		};
		6DA4F2522568A50E00827EFE /* Simplities */ = {
			isa = PBXGroup;
			children = (
				6DA4F2532568A50E00827EFE /* AppDelegate.swift */,
				6DA4F2552568A50E00827EFE /* SceneDelegate.swift */,
				6DA4F2572568A50E00827EFE /* ViewController.swift */,
				6D73EF032568BC1200346B54 /* RGBViewController.swift */,
				6DA4F2592568A50E00827EFE /* Main.storyboard */,
				6D73EF0D2569A89F00346B54 /* AboutViewController.swift */,
				6D73EF0825697FE900346B54 /* StopWatchViewController.swift */,
				6DA4F25C2568A51100827EFE /* Assets.xcassets */,
				6DA4F25E2568A51100827EFE /* LaunchScreen.storyboard */,
				6DA4F2612568A51100827EFE /* Info.plist */,
				6D73EF122569B98400346B54 /* ColorPickerViewController.swift */,
			);
			path = Simplities;
			sourceTree = "<group>";
		};
		6DA4F2692568A51200827EFE /* SimplitiesTests */ = {
			isa = PBXGroup;
			children = (
				6DA4F26A2568A51200827EFE /* Random_ColorTests.swift */,
				6DA4F26C2568A51200827EFE /* Info.plist */,
			);
			path = SimplitiesTests;
			sourceTree = "<group>";
		};
		6DA4F2742568A51200827EFE /* SimplitiesUITests */ = {
			isa = PBXGroup;
			children = (
				6DA4F2752568A51200827EFE /* Random_ColorUITests.swift */,
				6DA4F2772568A51200827EFE /* Info.plist */,
			);
			path = SimplitiesUITests;
			sourceTree = "<group>";
		};
/* End PBXGroup section */

/* Begin PBXNativeTarget section */
		6DA4F24F2568A50E00827EFE /* Simplities */ = {
			isa = PBXNativeTarget;
			buildConfigurationList = 6DA4F27A2568A51200827EFE /* Build configuration list for PBXNativeTarget "Simplities" */;
			buildPhases = (
				6DA4F24C2568A50E00827EFE /* Sources */,
				6DA4F24D2568A50E00827EFE /* Frameworks */,
				6DA4F24E2568A50E00827EFE /* Resources */,
			);
			buildRules = (
			);
			dependencies = (
			);
			name = Simplities;
			productName = "Random Color";
			productReference = 6D08C3B22569DB8500B02F10 /* Simplities.app */;
			productType = "com.apple.product-type.application";
		};
		6DA4F2652568A51200827EFE /* SimplitiesTests */ = {
			isa = PBXNativeTarget;
			buildConfigurationList = 6DA4F27D2568A51200827EFE /* Build configuration list for PBXNativeTarget "SimplitiesTests" */;
			buildPhases = (
				6DA4F2622568A51200827EFE /* Sources */,
				6DA4F2632568A51200827EFE /* Frameworks */,
				6DA4F2642568A51200827EFE /* Resources */,
			);
			buildRules = (
			);
			dependencies = (
				6DA4F2682568A51200827EFE /* PBXTargetDependency */,
			);
			name = SimplitiesTests;
			productName = "Random ColorTests";
			productReference = 6D08C3B32569DB8500B02F10 /* SimplitiesTests.xctest */;
			productType = "com.apple.product-type.bundle.unit-test";
		};
		6DA4F2702568A51200827EFE /* SimplitiesUITests */ = {
			isa = PBXNativeTarget;
			buildConfigurationList = 6DA4F2802568A51200827EFE /* Build configuration list for PBXNativeTarget "SimplitiesUITests" */;
			buildPhases = (
				6DA4F26D2568A51200827EFE /* Sources */,
				6DA4F26E2568A51200827EFE /* Frameworks */,
				6DA4F26F2568A51200827EFE /* Resources */,
			);
			buildRules = (
			);
			dependencies = (
				6DA4F2732568A51200827EFE /* PBXTargetDependency */,
			);
			name = SimplitiesUITests;
			productName = "Random ColorUITests";
			productReference = 6D08C3B42569DB8500B02F10 /* SimplitiesUITests.xctest */;
			productType = "com.apple.product-type.bundle.ui-testing";
		};
/* End PBXNativeTarget section */

/* Begin PBXProject section */
		6DA4F2482568A50E00827EFE /* Project object */ = {
			isa = PBXProject;
			attributes = {
				LastSwiftUpdateCheck = 1220;
				LastUpgradeCheck = 1220;
				TargetAttributes = {
					6DA4F24F2568A50E00827EFE = {
						CreatedOnToolsVersion = 12.2;
					};
					6DA4F2652568A51200827EFE = {
						CreatedOnToolsVersion = 12.2;
						TestTargetID = 6DA4F24F2568A50E00827EFE;
					};
					6DA4F2702568A51200827EFE = {
						CreatedOnToolsVersion = 12.2;
						TestTargetID = 6DA4F24F2568A50E00827EFE;
					};
				};
			};
			buildConfigurationList = 6DA4F24B2568A50E00827EFE /* Build configuration list for PBXProject "Simplities" */;
			compatibilityVersion = "Xcode 9.3";
			developmentRegion = en;
			hasScannedForEncodings = 0;
			knownRegions = (
				en,
				Base,
			);
			mainGroup = 6DA4F2472568A50E00827EFE;
			productRefGroup = 6DA4F2472568A50E00827EFE;
			projectDirPath = "";
			projectRoot = "";
			targets = (
				6DA4F24F2568A50E00827EFE /* Simplities */,
				6DA4F2652568A51200827EFE /* SimplitiesTests */,
				6DA4F2702568A51200827EFE /* SimplitiesUITests */,
			);
		};
/* End PBXProject section */

/* Begin PBXResourcesBuildPhase section */
		6DA4F24E2568A50E00827EFE /* Resources */ = {
			isa = PBXResourcesBuildPhase;
			buildActionMask = 2147483647;
			files = (
				6DA4F2602568A51100827EFE /* LaunchScreen.storyboard in Resources */,
				6DA4F25D2568A51100827EFE /* Assets.xcassets in Resources */,
				6DA4F25B2568A50E00827EFE /* Main.storyboard in Resources */,
			);
			runOnlyForDeploymentPostprocessing = 0;
		};
		6DA4F2642568A51200827EFE /* Resources */ = {
			isa = PBXResourcesBuildPhase;
			buildActionMask = 2147483647;
			files = (
			);
			runOnlyForDeploymentPostprocessing = 0;
		};
		6DA4F26F2568A51200827EFE /* Resources */ = {
			isa = PBXResourcesBuildPhase;
			buildActionMask = 2147483647;
			files = (
			);
			runOnlyForDeploymentPostprocessing = 0;
		};
/* End PBXResourcesBuildPhase section */

/* Begin PBXSourcesBuildPhase section */
		6DA4F24C2568A50E00827EFE /* Sources */ = {
			isa = PBXSourcesBuildPhase;
			buildActionMask = 2147483647;
			files = (
				6D73EF0E2569A89F00346B54 /* AboutViewController.swift in Sources */,
				6D73EF042568BC1200346B54 /* RGBViewController.swift in Sources */,
				6DA4F2582568A50E00827EFE /* ViewController.swift in Sources */,
				6D73EF132569B98400346B54 /* ColorPickerViewController.swift in Sources */,
				6DA4F2542568A50E00827EFE /* AppDelegate.swift in Sources */,
				6DA4F2562568A50E00827EFE /* SceneDelegate.swift in Sources */,
				6D73EF0925697FE900346B54 /* StopWatchViewController.swift in Sources */,
			);
			runOnlyForDeploymentPostprocessing = 0;
		};
		6DA4F2622568A51200827EFE /* Sources */ = {
			isa = PBXSourcesBuildPhase;
			buildActionMask = 2147483647;
			files = (
				6DA4F26B2568A51200827EFE /* Random_ColorTests.swift in Sources */,
			);
			runOnlyForDeploymentPostprocessing = 0;
		};
		6DA4F26D2568A51200827EFE /* Sources */ = {
			isa = PBXSourcesBuildPhase;
			buildActionMask = 2147483647;
			files = (
				6DA4F2762568A51200827EFE /* Random_ColorUITests.swift in Sources */,
			);
			runOnlyForDeploymentPostprocessing = 0;
		};
/* End PBXSourcesBuildPhase section */

/* Begin PBXTargetDependency section */
		6DA4F2682568A51200827EFE /* PBXTargetDependency */ = {
			isa = PBXTargetDependency;
			target = 6DA4F24F2568A50E00827EFE /* Simplities */;
			targetProxy = 6DA4F2672568A51200827EFE /* PBXContainerItemProxy */;
		};
		6DA4F2732568A51200827EFE /* PBXTargetDependency */ = {
			isa = PBXTargetDependency;
			target = 6DA4F24F2568A50E00827EFE /* Simplities */;
			targetProxy = 6DA4F2722568A51200827EFE /* PBXContainerItemProxy */;
		};
/* End PBXTargetDependency section */

/* Begin PBXVariantGroup section */
		6DA4F2592568A50E00827EFE /* Main.storyboard */ = {
			isa = PBXVariantGroup;
			children = (
				6DA4F25A2568A50E00827EFE /* Base */,
			);
			name = Main.storyboard;
			sourceTree = "<group>";
		};
		6DA4F25E2568A51100827EFE /* LaunchScreen.storyboard */ = {
			isa = PBXVariantGroup;
			children = (
				6DA4F25F2568A51100827EFE /* Base */,
			);
			name = LaunchScreen.storyboard;
			sourceTree = "<group>";
		};
/* End PBXVariantGroup section */

/* Begin XCBuildConfiguration section */
		6DA4F2782568A51200827EFE /* Debug */ = {
			isa = XCBuildConfiguration;
			buildSettings = {
				ALWAYS_SEARCH_USER_PATHS = NO;
				CLANG_ANALYZER_NONNULL = YES;
				CLANG_ANALYZER_NUMBER_OBJECT_CONVERSION = YES_AGGRESSIVE;
				CLANG_CXX_LANGUAGE_STANDARD = "gnu++14";
				CLANG_CXX_LIBRARY = "libc++";
				CLANG_ENABLE_MODULES = YES;
				CLANG_ENABLE_OBJC_ARC = YES;
				CLANG_ENABLE_OBJC_WEAK = YES;
				CLANG_WARN_BLOCK_CAPTURE_AUTORELEASING = YES;
				CLANG_WARN_BOOL_CONVERSION = YES;
				CLANG_WARN_COMMA = YES;
				CLANG_WARN_CONSTANT_CONVERSION = YES;
				CLANG_WARN_DEPRECATED_OBJC_IMPLEMENTATIONS = YES;
				CLANG_WARN_DIRECT_OBJC_ISA_USAGE = YES_ERROR;
				CLANG_WARN_DOCUMENTATION_COMMENTS = YES;
				CLANG_WARN_EMPTY_BODY = YES;
				CLANG_WARN_ENUM_CONVERSION = YES;
				CLANG_WARN_INFINITE_RECURSION = YES;
				CLANG_WARN_INT_CONVERSION = YES;
				CLANG_WARN_NON_LITERAL_NULL_CONVERSION = YES;
				CLANG_WARN_OBJC_IMPLICIT_RETAIN_SELF = YES;
				CLANG_WARN_OBJC_LITERAL_CONVERSION = YES;
				CLANG_WARN_OBJC_ROOT_CLASS = YES_ERROR;
				CLANG_WARN_QUOTED_INCLUDE_IN_FRAMEWORK_HEADER = YES;
				CLANG_WARN_RANGE_LOOP_ANALYSIS = YES;
				CLANG_WARN_STRICT_PROTOTYPES = YES;
				CLANG_WARN_SUSPICIOUS_MOVE = YES;
				CLANG_WARN_UNGUARDED_AVAILABILITY = YES_AGGRESSIVE;
				CLANG_WARN_UNREACHABLE_CODE = YES;
				CLANG_WARN__DUPLICATE_METHOD_MATCH = YES;
				COPY_PHASE_STRIP = NO;
				DEBUG_INFORMATION_FORMAT = dwarf;
				ENABLE_STRICT_OBJC_MSGSEND = YES;
				ENABLE_TESTABILITY = YES;
				GCC_C_LANGUAGE_STANDARD = gnu11;
				GCC_DYNAMIC_NO_PIC = NO;
				GCC_NO_COMMON_BLOCKS = YES;
				GCC_OPTIMIZATION_LEVEL = 0;
				GCC_PREPROCESSOR_DEFINITIONS = (
					"DEBUG=1",
					"$(inherited)",
				);
				GCC_WARN_64_TO_32_BIT_CONVERSION = YES;
				GCC_WARN_ABOUT_RETURN_TYPE = YES_ERROR;
				GCC_WARN_UNDECLARED_SELECTOR = YES;
				GCC_WARN_UNINITIALIZED_AUTOS = YES_AGGRESSIVE;
				GCC_WARN_UNUSED_FUNCTION = YES;
				GCC_WARN_UNUSED_VARIABLE = YES;
				IPHONEOS_DEPLOYMENT_TARGET = 14.0;
				MTL_ENABLE_DEBUG_INFO = INCLUDE_SOURCE;
				MTL_FAST_MATH = YES;
				ONLY_ACTIVE_ARCH = YES;
				SDKROOT = iphoneos;
				SWIFT_ACTIVE_COMPILATION_CONDITIONS = DEBUG;
				SWIFT_OPTIMIZATION_LEVEL = "-Onone";
			};
			name = Debug;
		};
		6DA4F2792568A51200827EFE /* Release */ = {
			isa = XCBuildConfiguration;
			buildSettings = {
				ALWAYS_SEARCH_USER_PATHS = NO;
				CLANG_ANALYZER_NONNULL = YES;
				CLANG_ANALYZER_NUMBER_OBJECT_CONVERSION = YES_AGGRESSIVE;
				CLANG_CXX_LANGUAGE_STANDARD = "gnu++14";
				CLANG_CXX_LIBRARY = "libc++";
				CLANG_ENABLE_MODULES = YES;
				CLANG_ENABLE_OBJC_ARC = YES;
				CLANG_ENABLE_OBJC_WEAK = YES;
				CLANG_WARN_BLOCK_CAPTURE_AUTORELEASING = YES;
				CLANG_WARN_BOOL_CONVERSION = YES;
				CLANG_WARN_COMMA = YES;
				CLANG_WARN_CONSTANT_CONVERSION = YES;
				CLANG_WARN_DEPRECATED_OBJC_IMPLEMENTATIONS = YES;
				CLANG_WARN_DIRECT_OBJC_ISA_USAGE = YES_ERROR;
				CLANG_WARN_DOCUMENTATION_COMMENTS = YES;
				CLANG_WARN_EMPTY_BODY = YES;
				CLANG_WARN_ENUM_CONVERSION = YES;
				CLANG_WARN_INFINITE_RECURSION = YES;
				CLANG_WARN_INT_CONVERSION = YES;
				CLANG_WARN_NON_LITERAL_NULL_CONVERSION = YES;
				CLANG_WARN_OBJC_IMPLICIT_RETAIN_SELF = YES;
				CLANG_WARN_OBJC_LITERAL_CONVERSION = YES;
				CLANG_WARN_OBJC_ROOT_CLASS = YES_ERROR;
				CLANG_WARN_QUOTED_INCLUDE_IN_FRAMEWORK_HEADER = YES;
				CLANG_WARN_RANGE_LOOP_ANALYSIS = YES;
				CLANG_WARN_STRICT_PROTOTYPES = YES;
				CLANG_WARN_SUSPICIOUS_MOVE = YES;
				CLANG_WARN_UNGUARDED_AVAILABILITY = YES_AGGRESSIVE;
				CLANG_WARN_UNREACHABLE_CODE = YES;
				CLANG_WARN__DUPLICATE_METHOD_MATCH = YES;
				COPY_PHASE_STRIP = NO;
				DEBUG_INFORMATION_FORMAT = "dwarf-with-dsym";
				ENABLE_NS_ASSERTIONS = NO;
				ENABLE_STRICT_OBJC_MSGSEND = YES;
				GCC_C_LANGUAGE_STANDARD = gnu11;
				GCC_NO_COMMON_BLOCKS = YES;
				GCC_WARN_64_TO_32_BIT_CONVERSION = YES;
				GCC_WARN_ABOUT_RETURN_TYPE = YES_ERROR;
				GCC_WARN_UNDECLARED_SELECTOR = YES;
				GCC_WARN_UNINITIALIZED_AUTOS = YES_AGGRESSIVE;
				GCC_WARN_UNUSED_FUNCTION = YES;
				GCC_WARN_UNUSED_VARIABLE = YES;
				IPHONEOS_DEPLOYMENT_TARGET = 14.0;
				MTL_ENABLE_DEBUG_INFO = NO;
				MTL_FAST_MATH = YES;
				SDKROOT = iphoneos;
				SWIFT_COMPILATION_MODE = wholemodule;
				SWIFT_OPTIMIZATION_LEVEL = "-O";
				VALIDATE_PRODUCT = YES;
			};
			name = Release;
		};
		6DA4F27B2568A51200827EFE /* Debug */ = {
			isa = XCBuildConfiguration;
			buildSettings = {
				ASSETCATALOG_COMPILER_APPICON_NAME = AppIcon;
				ASSETCATALOG_COMPILER_GLOBAL_ACCENT_COLOR_NAME = AccentColor;
				CODE_SIGN_STYLE = Automatic;
				DEVELOPMENT_TEAM = 975ATGFF5G;
				INFOPLIST_FILE = Simplities/Info.plist;
				IPHONEOS_DEPLOYMENT_TARGET = 14.0;
				LD_RUNPATH_SEARCH_PATHS = (
					"$(inherited)",
					"@executable_path/Frameworks",
				);
				PRODUCT_BUNDLE_IDENTIFIER = net.alecw.simplities;
				PRODUCT_NAME = "$(TARGET_NAME)";
				SWIFT_VERSION = 5.0;
				TARGETED_DEVICE_FAMILY = "1,2";
			};
			name = Debug;
		};
		6DA4F27C2568A51200827EFE /* Release */ = {
			isa = XCBuildConfiguration;
			buildSettings = {
				ASSETCATALOG_COMPILER_APPICON_NAME = AppIcon;
				ASSETCATALOG_COMPILER_GLOBAL_ACCENT_COLOR_NAME = AccentColor;
				CODE_SIGN_STYLE = Automatic;
				DEVELOPMENT_TEAM = 975ATGFF5G;
				INFOPLIST_FILE = Simplities/Info.plist;
				IPHONEOS_DEPLOYMENT_TARGET = 14.0;
				LD_RUNPATH_SEARCH_PATHS = (
					"$(inherited)",
					"@executable_path/Frameworks",
				);
				PRODUCT_BUNDLE_IDENTIFIER = net.alecw.simplities;
				PRODUCT_NAME = "$(TARGET_NAME)";
				SWIFT_VERSION = 5.0;
				TARGETED_DEVICE_FAMILY = "1,2";
			};
			name = Release;
		};
		6DA4F27E2568A51200827EFE /* Debug */ = {
			isa = XCBuildConfiguration;
			buildSettings = {
				ALWAYS_EMBED_SWIFT_STANDARD_LIBRARIES = YES;
				BUNDLE_LOADER = "$(TEST_HOST)";
				CODE_SIGN_STYLE = Automatic;
				DEVELOPMENT_TEAM = 975ATGFF5G;
				INFOPLIST_FILE = SimplitiesTests/Info.plist;
				IPHONEOS_DEPLOYMENT_TARGET = 14.2;
				LD_RUNPATH_SEARCH_PATHS = (
					"$(inherited)",
					"@executable_path/Frameworks",
					"@loader_path/Frameworks",
				);
				PRODUCT_BUNDLE_IDENTIFIER = "net.alecw.Random-ColorTests";
				PRODUCT_NAME = "$(TARGET_NAME)";
				SWIFT_VERSION = 5.0;
				TARGETED_DEVICE_FAMILY = "1,2";
				TEST_HOST = "$(BUILT_PRODUCTS_DIR)/Simplities.app/Simplities";
			};
			name = Debug;
		};
		6DA4F27F2568A51200827EFE /* Release */ = {
			isa = XCBuildConfiguration;
			buildSettings = {
				ALWAYS_EMBED_SWIFT_STANDARD_LIBRARIES = YES;
				BUNDLE_LOADER = "$(TEST_HOST)";
				CODE_SIGN_STYLE = Automatic;
				DEVELOPMENT_TEAM = 975ATGFF5G;
				INFOPLIST_FILE = SimplitiesTests/Info.plist;
				IPHONEOS_DEPLOYMENT_TARGET = 14.2;
				LD_RUNPATH_SEARCH_PATHS = (
					"$(inherited)",
					"@executable_path/Frameworks",
					"@loader_path/Frameworks",
				);
				PRODUCT_BUNDLE_IDENTIFIER = "net.alecw.Random-ColorTests";
				PRODUCT_NAME = "$(TARGET_NAME)";
				SWIFT_VERSION = 5.0;
				TARGETED_DEVICE_FAMILY = "1,2";
				TEST_HOST = "$(BUILT_PRODUCTS_DIR)/Simplities.app/Simplities";
			};
			name = Release;
		};
		6DA4F2812568A51200827EFE /* Debug */ = {
			isa = XCBuildConfiguration;
			buildSettings = {
				ALWAYS_EMBED_SWIFT_STANDARD_LIBRARIES = YES;
				CODE_SIGN_STYLE = Automatic;
				DEVELOPMENT_TEAM = 975ATGFF5G;
				INFOPLIST_FILE = SimplitiesUITests/Info.plist;
				LD_RUNPATH_SEARCH_PATHS = (
					"$(inherited)",
					"@executable_path/Frameworks",
					"@loader_path/Frameworks",
				);
				PRODUCT_BUNDLE_IDENTIFIER = "net.alecw.Random-ColorUITests";
				PRODUCT_NAME = "$(TARGET_NAME)";
				SWIFT_VERSION = 5.0;
				TARGETED_DEVICE_FAMILY = "1,2";
				TEST_TARGET_NAME = "Random Color";
			};
			name = Debug;
		};
		6DA4F2822568A51200827EFE /* Release */ = {
			isa = XCBuildConfiguration;
			buildSettings = {
				ALWAYS_EMBED_SWIFT_STANDARD_LIBRARIES = YES;
				CODE_SIGN_STYLE = Automatic;
				DEVELOPMENT_TEAM = 975ATGFF5G;
				INFOPLIST_FILE = SimplitiesUITests/Info.plist;
				LD_RUNPATH_SEARCH_PATHS = (
					"$(inherited)",
					"@executable_path/Frameworks",
					"@loader_path/Frameworks",
				);
				PRODUCT_BUNDLE_IDENTIFIER = "net.alecw.Random-ColorUITests";
				PRODUCT_NAME = "$(TARGET_NAME)";
				SWIFT_VERSION = 5.0;
				TARGETED_DEVICE_FAMILY = "1,2";
				TEST_TARGET_NAME = "Random Color";
			};
			name = Release;
		};
/* End XCBuildConfiguration section */

/* Begin XCConfigurationList section */
		6DA4F24B2568A50E00827EFE /* Build configuration list for PBXProject "Simplities" */ = {
			isa = XCConfigurationList;
			buildConfigurations = (
				6DA4F2782568A51200827EFE /* Debug */,
				6DA4F2792568A51200827EFE /* Release */,
			);
			defaultConfigurationIsVisible = 0;
			defaultConfigurationName = Release;
		};
		6DA4F27A2568A51200827EFE /* Build configuration list for PBXNativeTarget "Simplities" */ = {
			isa = XCConfigurationList;
			buildConfigurations = (
				6DA4F27B2568A51200827EFE /* Debug */,
				6DA4F27C2568A51200827EFE /* Release */,
			);
			defaultConfigurationIsVisible = 0;
			defaultConfigurationName = Release;
		};
		6DA4F27D2568A51200827EFE /* Build configuration list for PBXNativeTarget "SimplitiesTests" */ = {
			isa = XCConfigurationList;
			buildConfigurations = (
				6DA4F27E2568A51200827EFE /* Debug */,
				6DA4F27F2568A51200827EFE /* Release */,
			);
			defaultConfigurationIsVisible = 0;
			defaultConfigurationName = Release;
		};
		6DA4F2802568A51200827EFE /* Build configuration list for PBXNativeTarget "SimplitiesUITests" */ = {
			isa = XCConfigurationList;
			buildConfigurations = (
				6DA4F2812568A51200827EFE /* Debug */,
				6DA4F2822568A51200827EFE /* Release */,
			);
			defaultConfigurationIsVisible = 0;
			defaultConfigurationName = Release;
		};
/* End XCConfigurationList section */
	};
	rootObject = 6DA4F2482568A50E00827EFE /* Project object */;
}
